#MicroXplorer Configuration settings - do not modify
ADC1.Channel-0\#ChannelRegularConversion=ADC_CHANNEL_2
ADC1.IPParameters=Rank-0\#ChannelRegularConversion,master,Channel-0\#ChannelRegularConversion,SamplingTime-0\#ChannelRegularConversion,OffsetNumber-0\#ChannelRegularConversion,OffsetSignedSaturation-0\#ChannelRegularConversion,NbrOfConversionFlag
ADC1.NbrOfConversionFlag=1
ADC1.OffsetNumber-0\#ChannelRegularConversion=ADC_OFFSET_NONE
ADC1.OffsetSignedSaturation-0\#ChannelRegularConversion=DISABLE
ADC1.Rank-0\#ChannelRegularConversion=1
ADC1.SamplingTime-0\#ChannelRegularConversion=ADC_SAMPLETIME_1CYCLE_5
ADC1.master=1
ADC3.Channel-0\#ChannelRegularConversion=ADC_CHANNEL_TEMPSENSOR
ADC3.IPParameters=Rank-0\#ChannelRegularConversion,Channel-0\#ChannelRegularConversion,SamplingTime-0\#ChannelRegularConversion,OffsetNumber-0\#ChannelRegularConversion,OffsetSign-0\#ChannelRegularConversion,NbrOfConversionFlag
ADC3.NbrOfConversionFlag=1
ADC3.OffsetNumber-0\#ChannelRegularConversion=ADC_OFFSET_NONE
ADC3.OffsetSign-0\#ChannelRegularConversion=ADC3_OFFSET_SIGN_NEGATIVE
ADC3.Rank-0\#ChannelRegularConversion=1
ADC3.SamplingTime-0\#ChannelRegularConversion=ADC3_SAMPLETIME_2CYCLES_5
CAD.formats=
CAD.pinconfig=
CAD.provider=
CORTEX_M7.IPParameters=default_mode_Activation
CORTEX_M7.default_mode_Activation=1
Dma.Request0=USART1_RX
Dma.Request1=USART2_RX
Dma.Request2=USART2_TX
Dma.Request3=USART10_RX
Dma.Request4=USART10_TX
Dma.RequestsNb=5
Dma.USART10_RX.3.Direction=DMA_PERIPH_TO_MEMORY
Dma.USART10_RX.3.EventEnable=DISABLE
Dma.USART10_RX.3.FIFOMode=DMA_FIFOMODE_DISABLE
Dma.USART10_RX.3.Instance=DMA1_Stream3
Dma.USART10_RX.3.MemDataAlignment=DMA_MDATAALIGN_BYTE
Dma.USART10_RX.3.MemInc=DMA_MINC_ENABLE
Dma.USART10_RX.3.Mode=DMA_NORMAL
Dma.USART10_RX.3.PeriphDataAlignment=DMA_PDATAALIGN_BYTE
Dma.USART10_RX.3.PeriphInc=DMA_PINC_DISABLE
Dma.USART10_RX.3.Polarity=HAL_DMAMUX_REQ_GEN_RISING
Dma.USART10_RX.3.Priority=DMA_PRIORITY_LOW
Dma.USART10_RX.3.RequestNumber=1
Dma.USART10_RX.3.RequestParameters=Instance,Direction,PeriphInc,MemInc,PeriphDataAlignment,MemDataAlignment,Mode,Priority,FIFOMode,SignalID,Polarity,RequestNumber,SyncSignalID,SyncPolarity,SyncEnable,EventEnable,SyncRequestNumber
Dma.USART10_RX.3.SignalID=NONE
Dma.USART10_RX.3.SyncEnable=DISABLE
Dma.USART10_RX.3.SyncPolarity=HAL_DMAMUX_SYNC_NO_EVENT
Dma.USART10_RX.3.SyncRequestNumber=1
Dma.USART10_RX.3.SyncSignalID=NONE
Dma.USART10_TX.4.Direction=DMA_MEMORY_TO_PERIPH
Dma.USART10_TX.4.EventEnable=DISABLE
Dma.USART10_TX.4.FIFOMode=DMA_FIFOMODE_DISABLE
Dma.USART10_TX.4.Instance=DMA1_Stream4
Dma.USART10_TX.4.MemDataAlignment=DMA_MDATAALIGN_BYTE
Dma.USART10_TX.4.MemInc=DMA_MINC_ENABLE
Dma.USART10_TX.4.Mode=DMA_NORMAL
Dma.USART10_TX.4.PeriphDataAlignment=DMA_PDATAALIGN_BYTE
Dma.USART10_TX.4.PeriphInc=DMA_PINC_DISABLE
Dma.USART10_TX.4.Polarity=HAL_DMAMUX_REQ_GEN_RISING
Dma.USART10_TX.4.Priority=DMA_PRIORITY_LOW
Dma.USART10_TX.4.RequestNumber=1
Dma.USART10_TX.4.RequestParameters=Instance,Direction,PeriphInc,MemInc,PeriphDataAlignment,MemDataAlignment,Mode,Priority,FIFOMode,SignalID,Polarity,RequestNumber,SyncSignalID,SyncPolarity,SyncEnable,EventEnable,SyncRequestNumber
Dma.USART10_TX.4.SignalID=NONE
Dma.USART10_TX.4.SyncEnable=DISABLE
Dma.USART10_TX.4.SyncPolarity=HAL_DMAMUX_SYNC_NO_EVENT
Dma.USART10_TX.4.SyncRequestNumber=1
Dma.USART10_TX.4.SyncSignalID=NONE
Dma.USART1_RX.0.Direction=DMA_PERIPH_TO_MEMORY
Dma.USART1_RX.0.EventEnable=DISABLE
Dma.USART1_RX.0.FIFOMode=DMA_FIFOMODE_DISABLE
Dma.USART1_RX.0.Instance=DMA1_Stream0
Dma.USART1_RX.0.MemDataAlignment=DMA_MDATAALIGN_BYTE
Dma.USART1_RX.0.MemInc=DMA_MINC_ENABLE
Dma.USART1_RX.0.Mode=DMA_NORMAL
Dma.USART1_RX.0.PeriphDataAlignment=DMA_PDATAALIGN_BYTE
Dma.USART1_RX.0.PeriphInc=DMA_PINC_DISABLE
Dma.USART1_RX.0.Polarity=HAL_DMAMUX_REQ_GEN_RISING
Dma.USART1_RX.0.Priority=DMA_PRIORITY_LOW
Dma.USART1_RX.0.RequestNumber=1
Dma.USART1_RX.0.RequestParameters=Instance,Direction,PeriphInc,MemInc,PeriphDataAlignment,MemDataAlignment,Mode,Priority,FIFOMode,SignalID,Polarity,RequestNumber,SyncSignalID,SyncPolarity,SyncEnable,EventEnable,SyncRequestNumber
Dma.USART1_RX.0.SignalID=NONE
Dma.USART1_RX.0.SyncEnable=DISABLE
Dma.USART1_RX.0.SyncPolarity=HAL_DMAMUX_SYNC_NO_EVENT
Dma.USART1_RX.0.SyncRequestNumber=1
Dma.USART1_RX.0.SyncSignalID=NONE
Dma.USART2_RX.1.Direction=DMA_PERIPH_TO_MEMORY
Dma.USART2_RX.1.EventEnable=DISABLE
Dma.USART2_RX.1.FIFOMode=DMA_FIFOMODE_DISABLE
Dma.USART2_RX.1.Instance=DMA1_Stream1
Dma.USART2_RX.1.MemDataAlignment=DMA_MDATAALIGN_BYTE
Dma.USART2_RX.1.MemInc=DMA_MINC_ENABLE
Dma.USART2_RX.1.Mode=DMA_NORMAL
Dma.USART2_RX.1.PeriphDataAlignment=DMA_PDATAALIGN_BYTE
Dma.USART2_RX.1.PeriphInc=DMA_PINC_DISABLE
Dma.USART2_RX.1.Polarity=HAL_DMAMUX_REQ_GEN_RISING
Dma.USART2_RX.1.Priority=DMA_PRIORITY_LOW
Dma.USART2_RX.1.RequestNumber=1
Dma.USART2_RX.1.RequestParameters=Instance,Direction,PeriphInc,MemInc,PeriphDataAlignment,MemDataAlignment,Mode,Priority,FIFOMode,SignalID,Polarity,RequestNumber,SyncSignalID,SyncPolarity,SyncEnable,EventEnable,SyncRequestNumber
Dma.USART2_RX.1.SignalID=NONE
Dma.USART2_RX.1.SyncEnable=DISABLE
Dma.USART2_RX.1.SyncPolarity=HAL_DMAMUX_SYNC_NO_EVENT
Dma.USART2_RX.1.SyncRequestNumber=1
Dma.USART2_RX.1.SyncSignalID=NONE
Dma.USART2_TX.2.Direction=DMA_MEMORY_TO_PERIPH
Dma.USART2_TX.2.EventEnable=DISABLE
Dma.USART2_TX.2.FIFOMode=DMA_FIFOMODE_DISABLE
Dma.USART2_TX.2.Instance=DMA1_Stream2
Dma.USART2_TX.2.MemDataAlignment=DMA_MDATAALIGN_BYTE
Dma.USART2_TX.2.MemInc=DMA_MINC_ENABLE
Dma.USART2_TX.2.Mode=DMA_NORMAL
Dma.USART2_TX.2.PeriphDataAlignment=DMA_PDATAALIGN_BYTE
Dma.USART2_TX.2.PeriphInc=DMA_PINC_DISABLE
Dma.USART2_TX.2.Polarity=HAL_DMAMUX_REQ_GEN_RISING
Dma.USART2_TX.2.Priority=DMA_PRIORITY_LOW
Dma.USART2_TX.2.RequestNumber=1
Dma.USART2_TX.2.RequestParameters=Instance,Direction,PeriphInc,MemInc,PeriphDataAlignment,MemDataAlignment,Mode,Priority,FIFOMode,SignalID,Polarity,RequestNumber,SyncSignalID,SyncPolarity,SyncEnable,EventEnable,SyncRequestNumber
Dma.USART2_TX.2.SignalID=NONE
Dma.USART2_TX.2.SyncEnable=DISABLE
Dma.USART2_TX.2.SyncPolarity=HAL_DMAMUX_SYNC_NO_EVENT
Dma.USART2_TX.2.SyncRequestNumber=1
Dma.USART2_TX.2.SyncSignalID=NONE
FREERTOS.FootprintOK=false
FREERTOS.IPParameters=Tasks01,FootprintOK,configUSE_NEWLIB_REENTRANT
FREERTOS.Tasks01=SystemTask,24,128,StartSystemTask,As weak,NULL,Dynamic,NULL,NULL;RoboMotion,48,512,StartRoboMotionTask,As weak,NULL,Dynamic,NULL,NULL;ControlTask,24,256,StartControlTask,As weak,NULL,Dynamic,NULL,NULL;MonitorTask,49,512,StartMonitorTask,As weak,NULL,Dynamic,NULL,NULL;ReturnTask,8,128,StartReturnTask,As weak,NULL,Dynamic,NULL,NULL;MicroROSTask,24,3000,StartMicroROSTask,Default,NULL,Dynamic,NULL,NULL
FREERTOS.configUSE_NEWLIB_REENTRANT=1
File.Version=6
GPIO.groupedBy=Group By Peripherals
KeepUserPlacement=false
MMTAppRegionsCount=0
MMTConfigApplied=false
Mcu.CPN=STM32H723ZGT6
Mcu.Family=STM32H7
Mcu.IP0=ADC1
Mcu.IP1=ADC3
Mcu.IP10=SPI3
Mcu.IP11=SPI4
Mcu.IP12=SPI5
Mcu.IP13=SPI6
Mcu.IP14=SYS
Mcu.IP15=TIM1
Mcu.IP16=USART1
Mcu.IP17=USART2
Mcu.IP18=USART10
Mcu.IP2=CORTEX_M7
Mcu.IP3=DEBUG
Mcu.IP4=DMA
Mcu.IP5=FREERTOS
Mcu.IP6=MEMORYMAP
Mcu.IP7=NVIC
Mcu.IP8=RCC
Mcu.IP9=SPI2
Mcu.IPNb=19
Mcu.Name=STM32H723ZGTx
Mcu.Package=LQFP144
Mcu.Pin0=PF6
Mcu.Pin1=PF7
Mcu.Pin10=PA7
Mcu.Pin11=PC4
Mcu.Pin12=PC5
Mcu.Pin13=PF11
Mcu.Pin14=PE11
Mcu.Pin15=PE12
Mcu.Pin16=PE13
Mcu.Pin17=PE14
Mcu.Pin18=PE15
Mcu.Pin19=PB12
Mcu.Pin2=PF8
Mcu.Pin20=PB13
Mcu.Pin21=PB14
Mcu.Pin22=PB15
Mcu.Pin23=PD8
Mcu.Pin24=PA9
Mcu.Pin25=PA10
Mcu.Pin26=PA13(JTMS/SWDIO)
Mcu.Pin27=PA14(JTCK/SWCLK)
Mcu.Pin28=PA15(JTDI)
Mcu.Pin29=PC10
Mcu.Pin3=PF9
Mcu.Pin30=PC11
Mcu.Pin31=PC12
Mcu.Pin32=PD0
Mcu.Pin33=PD1
Mcu.Pin34=PD2
Mcu.Pin35=PD3
Mcu.Pin36=PD4
Mcu.Pin37=PD5
Mcu.Pin38=PD6
Mcu.Pin39=PG11
Mcu.Pin4=PF10
Mcu.Pin40=PG12
Mcu.Pin41=PB3(JTDO/TRACESWO)
Mcu.Pin42=PB4(NJTRST)
Mcu.Pin43=PB5
Mcu.Pin44=PB6
Mcu.Pin45=VP_ADC3_TempSens_Input
Mcu.Pin46=VP_FREERTOS_VS_CMSIS_V2
Mcu.Pin47=VP_SYS_VS_tim23
Mcu.Pin48=VP_TIM1_VS_ClockSourceINT
Mcu.Pin49=VP_MEMORYMAP_VS_MEMORYMAP
Mcu.Pin5=PH0-OSC_IN
Mcu.Pin6=PH1-OSC_OUT
Mcu.Pin7=PA4
Mcu.Pin8=PA5
Mcu.Pin9=PA6
Mcu.PinsNb=50
Mcu.ThirdPartyNb=0
Mcu.UserConstants=
Mcu.UserName=STM32H723ZGTx
MxCube.Version=6.15.0
MxDb.Version=DB.6.0.150
NVIC.BusFault_IRQn=true\:0\:0\:false\:false\:true\:false\:false\:false\:false
NVIC.DMA1_Stream0_IRQn=true\:5\:0\:false\:false\:true\:true\:false\:true\:true
NVIC.DMA1_Stream1_IRQn=true\:5\:0\:false\:false\:true\:true\:false\:true\:true
NVIC.DMA1_Stream2_IRQn=true\:5\:0\:false\:false\:true\:true\:false\:true\:true
NVIC.DMA1_Stream3_IRQn=true\:5\:0\:false\:false\:true\:true\:false\:true\:true
NVIC.DMA1_Stream4_IRQn=true\:5\:0\:false\:false\:true\:true\:false\:true\:true
NVIC.DebugMonitor_IRQn=true\:0\:0\:false\:false\:true\:false\:false\:false\:false
NVIC.EXTI4_IRQn=true\:5\:0\:false\:false\:true\:true\:true\:true\:true
NVIC.ForceEnableDMAVector=true
NVIC.HardFault_IRQn=true\:0\:0\:false\:false\:true\:false\:false\:false\:false
NVIC.MemoryManagement_IRQn=true\:0\:0\:false\:false\:true\:false\:false\:false\:false
NVIC.NonMaskableInt_IRQn=true\:0\:0\:false\:false\:true\:false\:false\:false\:false
NVIC.PendSV_IRQn=true\:15\:0\:false\:false\:false\:true\:false\:false\:false
NVIC.PriorityGroup=NVIC_PRIORITYGROUP_4
NVIC.SVCall_IRQn=true\:0\:0\:false\:false\:false\:false\:false\:false\:false
NVIC.SavedPendsvIrqHandlerGenerated=true
NVIC.SavedSvcallIrqHandlerGenerated=true
NVIC.SavedSystickIrqHandlerGenerated=true
NVIC.SysTick_IRQn=true\:15\:0\:false\:false\:false\:true\:false\:true\:false
NVIC.TIM23_IRQn=true\:15\:0\:false\:false\:true\:false\:false\:true\:true
NVIC.TimeBase=TIM23_IRQn
NVIC.TimeBaseIP=TIM23
NVIC.USART10_IRQn=true\:5\:0\:false\:false\:true\:true\:true\:true\:true
NVIC.USART1_IRQn=true\:5\:0\:false\:false\:true\:true\:true\:true\:true
NVIC.USART2_IRQn=true\:5\:0\:false\:false\:true\:true\:true\:true\:true
NVIC.UsageFault_IRQn=true\:0\:0\:false\:false\:true\:false\:false\:false\:false
PA10.GPIOParameters=GPIO_Speed,GPIO_Label
PA10.GPIO_Label=PA10_R8SM_UART1_RX_SBUS
PA10.GPIO_Speed=GPIO_SPEED_FREQ_VERY_HIGH
PA10.Locked=true
PA10.Mode=Asynchronous
PA10.Signal=USART1_RX
PA13(JTMS/SWDIO).Mode=Serial_Wire
PA13(JTMS/SWDIO).Signal=DEBUG_JTMS-SWDIO
PA14(JTCK/SWCLK).Mode=Serial_Wire
PA14(JTCK/SWCLK).Signal=DEBUG_JTCK-SWCLK
PA15(JTDI).GPIOParameters=GPIO_Speed,PinState,GPIO_PuPd,GPIO_Label
PA15(JTDI).GPIO_Label=PA15_SPI3_MCP2517FD2_CS
PA15(JTDI).GPIO_PuPd=GPIO_PULLUP
PA15(JTDI).GPIO_Speed=GPIO_SPEED_FREQ_VERY_HIGH
PA15(JTDI).Locked=true
PA15(JTDI).PinState=GPIO_PIN_SET
PA15(JTDI).Signal=GPIO_Output
PA4.GPIOParameters=GPIO_Speed,PinState,GPIO_PuPd,GPIO_Label
PA4.GPIO_Label=PA4_SPI6_W5100S_CS
PA4.GPIO_PuPd=GPIO_PULLUP
PA4.GPIO_Speed=GPIO_SPEED_FREQ_VERY_HIGH
PA4.Locked=true
PA4.PinState=GPIO_PIN_SET
PA4.Signal=GPIO_Output
PA5.GPIOParameters=GPIO_Speed,GPIO_Label
PA5.GPIO_Label=PA5_SPI6_W5100S_SCK
PA5.GPIO_Speed=GPIO_SPEED_FREQ_VERY_HIGH
PA5.Locked=true
PA5.Mode=Full_Duplex_Master
PA5.Signal=SPI6_SCK
PA6.GPIOParameters=GPIO_Speed,GPIO_Label
PA6.GPIO_Label=PA6_SPI6_W5100S_MISO
PA6.GPIO_Speed=GPIO_SPEED_FREQ_VERY_HIGH
PA6.Mode=Full_Duplex_Master
PA6.Signal=SPI6_MISO
PA7.GPIOParameters=GPIO_Speed,GPIO_Label
PA7.GPIO_Label=PA6_SPI6_W5100S_MOSI
PA7.GPIO_Speed=GPIO_SPEED_FREQ_VERY_HIGH
PA7.Mode=Full_Duplex_Master
PA7.Signal=SPI6_MOSI
PA9.GPIOParameters=GPIO_Speed
PA9.GPIO_Speed=GPIO_SPEED_FREQ_VERY_HIGH
PA9.Locked=true
PA9.Mode=Asynchronous
PA9.Signal=USART1_TX
PB12.GPIOParameters=GPIO_Speed,PinState,GPIO_PuPd,GPIO_Label
PB12.GPIO_Label=PB12_SPI2_MCP2517FD2_CS
PB12.GPIO_PuPd=GPIO_PULLUP
PB12.GPIO_Speed=GPIO_SPEED_FREQ_VERY_HIGH
PB12.Locked=true
PB12.PinState=GPIO_PIN_SET
PB12.Signal=GPIO_Output
PB13.GPIOParameters=GPIO_Speed,GPIO_Label
PB13.GPIO_Label=PB13_SPI2_MCP2517FD2_SCK
PB13.GPIO_Speed=GPIO_SPEED_FREQ_VERY_HIGH
PB13.Locked=true
PB13.Mode=Full_Duplex_Master
PB13.Signal=SPI2_SCK
PB14.GPIOParameters=GPIO_Speed,GPIO_Label
PB14.GPIO_Label=PB14_SPI2_MCP2517FD2_MISO
PB14.GPIO_Speed=GPIO_SPEED_FREQ_VERY_HIGH
PB14.Locked=true
PB14.Mode=Full_Duplex_Master
PB14.Signal=SPI2_MISO
PB15.GPIOParameters=GPIO_Speed,GPIO_Label
PB15.GPIO_Label=PB15_SPI2_MCP2517FD2_MOSI
PB15.GPIO_Speed=GPIO_SPEED_FREQ_VERY_HIGH
PB15.Locked=true
PB15.Mode=Full_Duplex_Master
PB15.Signal=SPI2_MOSI
PB3(JTDO/TRACESWO).GPIOParameters=GPIO_Speed,PinState,GPIO_PuPd,GPIO_ModeDefaultOutputPP
PB3(JTDO/TRACESWO).GPIO_ModeDefaultOutputPP=GPIO_MODE_OUTPUT_PP
PB3(JTDO/TRACESWO).GPIO_PuPd=GPIO_PULLDOWN
PB3(JTDO/TRACESWO).GPIO_Speed=GPIO_SPEED_FREQ_VERY_HIGH
PB3(JTDO/TRACESWO).Locked=true
PB3(JTDO/TRACESWO).PinState=GPIO_PIN_RESET
PB3(JTDO/TRACESWO).Signal=GPIO_Output
PB4(NJTRST).GPIOParameters=GPIO_Speed,PinState,GPIO_PuPd,GPIO_ModeDefaultOutputPP
PB4(NJTRST).GPIO_ModeDefaultOutputPP=GPIO_MODE_OUTPUT_PP
PB4(NJTRST).GPIO_PuPd=GPIO_PULLDOWN
PB4(NJTRST).GPIO_Speed=GPIO_SPEED_FREQ_VERY_HIGH
PB4(NJTRST).Locked=true
PB4(NJTRST).PinState=GPIO_PIN_RESET
PB4(NJTRST).Signal=GPIO_Output
PB5.GPIOParameters=GPIO_Speed,PinState,GPIO_PuPd,GPIO_ModeDefaultOutputPP
PB5.GPIO_ModeDefaultOutputPP=GPIO_MODE_OUTPUT_PP
PB5.GPIO_PuPd=GPIO_PULLDOWN
PB5.GPIO_Speed=GPIO_SPEED_FREQ_VERY_HIGH
PB5.Locked=true
PB5.PinState=GPIO_PIN_RESET
PB5.Signal=GPIO_Output
PB6.GPIOParameters=GPIO_Speed,GPIO_FM6,PinState,GPIO_PuPd,GPIO_ModeDefaultOutputPP
PB6.GPIO_FM6=SYSCFG_PMCR_I2C_PB6_FMP
PB6.GPIO_ModeDefaultOutputPP=GPIO_MODE_OUTPUT_PP
PB6.GPIO_PuPd=GPIO_PULLDOWN
PB6.GPIO_Speed=GPIO_SPEED_FREQ_VERY_HIGH
PB6.Locked=true
PB6.PinState=GPIO_PIN_RESET
PB6.Signal=GPIO_Output
PC10.GPIOParameters=GPIO_Speed,GPIO_Label
PC10.GPIO_Label=PC10_SPI3_MCP2517FD2_SCK
PC10.GPIO_Speed=GPIO_SPEED_FREQ_VERY_HIGH
PC10.Mode=Full_Duplex_Master
PC10.Signal=SPI3_SCK
PC11.GPIOParameters=GPIO_Speed,GPIO_Label
PC11.GPIO_Label=PC11_SPI3_MCP2517FD2_MISO
PC11.GPIO_Speed=GPIO_SPEED_FREQ_VERY_HIGH
PC11.Mode=Full_Duplex_Master
PC11.Signal=SPI3_MISO
PC12.GPIOParameters=GPIO_Speed,GPIO_Label
PC12.GPIO_Label=PC12_SPI3_MCP2517FD2_MOSI
PC12.GPIO_Speed=GPIO_SPEED_FREQ_VERY_HIGH
PC12.Locked=true
PC12.Mode=Full_Duplex_Master
PC12.Signal=SPI3_MOSI
PC4.GPIOParameters=GPIO_PuPd,GPIO_Label,GPIO_ModeDefaultEXTI
PC4.GPIO_Label=PC4_SPI6_W5100S_INT
PC4.GPIO_ModeDefaultEXTI=GPIO_MODE_IT_FALLING
PC4.GPIO_PuPd=GPIO_PULLUP
PC4.Locked=true
PC4.Signal=GPXTI4
PC5.GPIOParameters=GPIO_Speed,PinState,GPIO_PuPd,GPIO_Label
PC5.GPIO_Label=PC5_SPI6_W5100S_RST
PC5.GPIO_PuPd=GPIO_PULLUP
PC5.GPIO_Speed=GPIO_SPEED_FREQ_VERY_HIGH
PC5.Locked=true
PC5.PinState=GPIO_PIN_SET
PC5.Signal=GPIO_Output
PD0.GPIOParameters=GPIO_PuPd,GPIO_Label
PD0.GPIO_Label=PD0_EXTI0_MCP2517FD2_INT
PD0.GPIO_PuPd=GPIO_PULLUP
PD0.Locked=true
PD0.Signal=GPXTI0
PD1.GPIOParameters=GPIO_Speed,PinState,GPIO_PuPd
PD1.GPIO_PuPd=GPIO_PULLUP
PD1.GPIO_Speed=GPIO_SPEED_FREQ_VERY_HIGH
PD1.Locked=true
PD1.PinState=GPIO_PIN_SET
PD1.Signal=GPIO_Output
PD2.GPIOParameters=GPIO_Speed,PinState,GPIO_PuPd
PD2.GPIO_PuPd=GPIO_PULLUP
PD2.GPIO_Speed=GPIO_SPEED_FREQ_VERY_HIGH
PD2.Locked=true
PD2.PinState=GPIO_PIN_SET
PD2.Signal=GPIO_Output
PD3.GPIOParameters=GPIO_Speed,PinState,GPIO_PuPd
PD3.GPIO_PuPd=GPIO_PULLUP
PD3.GPIO_Speed=GPIO_SPEED_FREQ_VERY_HIGH
PD3.Locked=true
PD3.PinState=GPIO_PIN_SET
PD3.Signal=GPIO_Output
PD4.GPIOParameters=GPIO_Speed,PinState,GPIO_PuPd
PD4.GPIO_PuPd=GPIO_PULLUP
PD4.GPIO_Speed=GPIO_SPEED_FREQ_VERY_HIGH
PD4.Locked=true
PD4.PinState=GPIO_PIN_SET
PD4.Signal=GPIO_Output
PD5.GPIOParameters=GPIO_Speed,GPIO_Label
PD5.GPIO_Label=PD5_USART2_TX
PD5.GPIO_Speed=GPIO_SPEED_FREQ_VERY_HIGH
PD5.Locked=true
PD5.Mode=Asynchronous
PD5.Signal=USART2_TX
PD6.GPIOParameters=GPIO_Speed,GPIO_Label
PD6.GPIO_Label=PD6_USART2_RX
PD6.GPIO_Speed=GPIO_SPEED_FREQ_VERY_HIGH
PD6.Locked=true
PD6.Mode=Asynchronous
PD6.Signal=USART2_RX
PD8.GPIOParameters=GPIO_PuPd,GPIO_Label
PD8.GPIO_Label=PD8_SPI2_MCP2517FD2_INT
PD8.GPIO_PuPd=GPIO_PULLUP
PD8.Locked=true
PD8.Signal=GPXTI8
PE11.GPIOParameters=GPIO_Speed,PinState,GPIO_PuPd,GPIO_Label
PE11.GPIO_Label=PE_SPI4_MCP2517FD2_CS
PE11.GPIO_PuPd=GPIO_PULLUP
PE11.GPIO_Speed=GPIO_SPEED_FREQ_VERY_HIGH
PE11.Locked=true
PE11.PinState=GPIO_PIN_SET
PE11.Signal=GPIO_Output
PE12.GPIOParameters=GPIO_Speed,GPIO_Label
PE12.GPIO_Label=PE13_SPI4_MCP2517FD2_SCK
PE12.GPIO_Speed=GPIO_SPEED_FREQ_VERY_HIGH
PE12.Locked=true
PE12.Mode=Full_Duplex_Master
PE12.Signal=SPI4_SCK
PE13.GPIOParameters=GPIO_Speed,GPIO_Label
PE13.GPIO_Label=PE13_SPI4_MCP2517FD2_MISO
PE13.GPIO_Speed=GPIO_SPEED_FREQ_VERY_HIGH
PE13.Locked=true
PE13.Mode=Full_Duplex_Master
PE13.Signal=SPI4_MISO
PE14.GPIOParameters=GPIO_Speed,GPIO_Label
PE14.GPIO_Label=PE14_SPI4_MCP2517FD2_MOSI
PE14.GPIO_Speed=GPIO_SPEED_FREQ_VERY_HIGH
PE14.Locked=true
PE14.Mode=Full_Duplex_Master
PE14.Signal=SPI4_MOSI
PE15.GPIOParameters=GPIO_PuPd,GPIO_Label
PE15.GPIO_Label=PE15_SPI4_MCP2517FD2_INT
PE15.GPIO_PuPd=GPIO_PULLUP
PE15.Locked=true
PE15.Signal=GPXTI15
PF10.GPIOParameters=GPIO_PuPd,GPIO_Label
PF10.GPIO_Label=PF10_SPI5_MCP2517FD4_INT
PF10.GPIO_PuPd=GPIO_PULLUP
PF10.Locked=true
PF10.Signal=GPXTI10
PF11.Mode=IN2-Single-Ended
PF11.Signal=ADC1_INP2
PF6.GPIOParameters=GPIO_Speed,PinState,GPIO_PuPd,GPIO_Label
PF6.GPIO_Label=PF6_SPI5_MCP2517FD4_CS
PF6.GPIO_PuPd=GPIO_PULLUP
PF6.GPIO_Speed=GPIO_SPEED_FREQ_VERY_HIGH
PF6.Locked=true
PF6.PinState=GPIO_PIN_SET
PF6.Signal=GPIO_Output
PF7.GPIOParameters=GPIO_Speed,GPIO_Label
PF7.GPIO_Label=PF7_SPI5_MCP2517FD4_SCK
PF7.GPIO_Speed=GPIO_SPEED_FREQ_VERY_HIGH
PF7.Mode=Full_Duplex_Master
PF7.Signal=SPI5_SCK
PF8.GPIOParameters=GPIO_Speed,GPIO_Label
PF8.GPIO_Label=PF8_SPI5_MCP2517FD4_MISO
PF8.GPIO_Speed=GPIO_SPEED_FREQ_VERY_HIGH
PF8.Mode=Full_Duplex_Master
PF8.Signal=SPI5_MISO
PF9.GPIOParameters=GPIO_Speed,GPIO_Label
PF9.GPIO_Label=PF9_SPI5_MCP2517FD4_MOSI
PF9.GPIO_Speed=GPIO_SPEED_FREQ_VERY_HIGH
PF9.Mode=Full_Duplex_Master
PF9.Signal=SPI5_MOSI
PG11.GPIOParameters=GPIO_Speed,GPIO_Label
PG11.GPIO_Label=PG11_USART10_RX
PG11.GPIO_Speed=GPIO_SPEED_FREQ_VERY_HIGH
PG11.Mode=Asynchronous
PG11.Signal=USART10_RX
PG12.GPIOParameters=GPIO_Speed,GPIO_Label
PG12.GPIO_Label=PG12_USART10_TX
PG12.GPIO_Speed=GPIO_SPEED_FREQ_VERY_HIGH
PG12.Locked=true
PG12.Mode=Asynchronous
PG12.Signal=USART10_TX
PH0-OSC_IN.Mode=HSE-External-Oscillator
PH0-OSC_IN.Signal=RCC_OSC_IN
PH1-OSC_OUT.Mode=HSE-External-Oscillator
PH1-OSC_OUT.Signal=RCC_OSC_OUT
PinOutPanel.RotationAngle=0
ProjectManager.AskForMigrate=true
ProjectManager.BackupPrevious=false
ProjectManager.CompilerLinker=GCC
ProjectManager.CompilerOptimize=6
ProjectManager.ComputerToolchain=false
ProjectManager.CoupleFile=false
ProjectManager.CustomerFirmwarePackage=
ProjectManager.DefaultFWLocation=true
ProjectManager.DeletePrevious=true
ProjectManager.DeviceId=STM32H723ZGTx
ProjectManager.FirmwarePackage=STM32Cube FW_H7 V1.12.1
ProjectManager.FreePins=false
ProjectManager.HalAssertFull=false
ProjectManager.HeapSize=0x200
ProjectManager.KeepUserCode=true
ProjectManager.LastFirmware=true
ProjectManager.LibraryCopy=0
ProjectManager.MainLocation=Core/Src
ProjectManager.NoMain=false
ProjectManager.PreviousToolchain=
ProjectManager.ProjectBuild=false
ProjectManager.ProjectFileName=microROSF407BinrayBuilder.ioc
ProjectManager.ProjectName=microROSF407BinrayBuilder
ProjectManager.ProjectStructure=
ProjectManager.RegisterCallBack=
ProjectManager.StackSize=0x400
ProjectManager.TargetToolchain=Makefile
ProjectManager.ToolChainLocation=
ProjectManager.UAScriptAfterPath=
ProjectManager.UAScriptBeforePath=
ProjectManager.UnderRoot=false
ProjectManager.functionlistsort=1-SystemClock_Config-RCC-false-HAL-false,2-MX_GPIO_Init-GPIO-false-HAL-true,3-MX_DMA_Init-DMA-false-HAL-true,4-MX_ADC1_Init-ADC1-false-HAL-true,5-MX_ADC3_Init-ADC3-false-HAL-true,6-MX_SPI2_Init-SPI2-false-HAL-true,7-MX_SPI3_Init-SPI3-false-HAL-true,8-MX_SPI4_Init-SPI4-false-HAL-true,9-MX_SPI5_Init-SPI5-false-HAL-true,10-MX_SPI6_Init-SPI6-false-HAL-true,11-MX_TIM1_Init-TIM1-false-HAL-true,12-MX_USART1_UART_Init-USART1-false-HAL-true,13-MX_USART2_UART_Init-USART2-false-HAL-true,14-MX_USART10_UART_Init-USART10-false-HAL-true,0-MX_CORTEX_M7_Init-CORTEX_M7-false-HAL-true
RCC.ADCCLockSelection=RCC_ADCCLKSOURCE_PLL3
RCC.ADCFreq_Value=64000000
RCC.AHB12Freq_Value=240000000
RCC.AHB4Freq_Value=240000000
RCC.APB1Freq_Value=120000000
RCC.APB2Freq_Value=120000000
RCC.APB3Freq_Value=120000000
RCC.APB4Freq_Value=120000000
RCC.AXIClockFreq_Value=240000000
RCC.CECFreq_Value=32000
RCC.CKPERFreq_Value=64000000
RCC.CortexFreq_Value=480000000
RCC.CpuClockFreq_Value=480000000
RCC.D1CPREFreq_Value=480000000
RCC.D1PPRE=RCC_APB3_DIV2
RCC.D2PPRE1=RCC_APB1_DIV2
RCC.D2PPRE2=RCC_APB2_DIV2
RCC.D3PPRE=RCC_APB4_DIV2
RCC.DFSDMACLkFreq_Value=160000000
RCC.DFSDMFreq_Value=120000000
RCC.DIVM1=1
RCC.DIVM2=1
RCC.DIVM3=1
RCC.DIVN1=60
RCC.DIVN2=60
RCC.DIVN3=32
RCC.DIVP1=1
RCC.DIVP1Freq_Value=480000000
RCC.DIVP2Freq_Value=240000000
RCC.DIVP3Freq_Value=128000000
RCC.DIVQ1=3
RCC.DIVQ1Freq_Value=160000000
RCC.DIVQ2=3
RCC.DIVQ2Freq_Value=160000000
RCC.DIVQ3Freq_Value=128000000
RCC.DIVR1Freq_Value=240000000
RCC.DIVR2Freq_Value=240000000
RCC.DIVR3=4
RCC.DIVR3Freq_Value=64000000
RCC.FDCANFreq_Value=160000000
RCC.FMCFreq_Value=240000000
RCC.FamilyName=M
RCC.HCLK3ClockFreq_Value=240000000
RCC.HCLKFreq_Value=240000000
RCC.HPRE=RCC_HCLK_DIV2
RCC.HSE_VALUE=8000000
RCC.I2C123Freq_Value=120000000
RCC.I2C4Freq_Value=120000000
RCC.IPParameters=ADCCLockSelection,ADCFreq_Value,AHB12Freq_Value,AHB4Freq_Value,APB1Freq_Value,APB2Freq_Value,APB3Freq_Value,APB4Freq_Value,AXIClockFreq_Value,CECFreq_Value,CKPERFreq_Value,CortexFreq_Value,CpuClockFreq_Value,D1CPREFreq_Value,D1PPRE,D2PPRE1,D2PPRE2,D3PPRE,DFSDMACLkFreq_Value,DFSDMFreq_Value,DIVM1,DIVM2,DIVM3,DIVN1,DIVN2,DIVN3,DIVP1,DIVP1Freq_Value,DIVP2Freq_Value,DIVP3Freq_Value,DIVQ1,DIVQ1Freq_Value,DIVQ2,DIVQ2Freq_Value,DIVQ3Freq_Value,DIVR1Freq_Value,DIVR2Freq_Value,DIVR3,DIVR3Freq_Value,FDCANFreq_Value,FMCFreq_Value,FamilyName,HCLK3ClockFreq_Value,HCLKFreq_Value,HPRE,HSE_VALUE,I2C123Freq_Value,I2C4Freq_Value,LPTIM1Freq_Value,LPTIM2Freq_Value,LPTIM345Freq_Value,LPUART1Freq_Value,LTDCFreq_Value,MCO1PinFreq_Value,MCO2PinFreq_Value,PLL1_VCO_SEL-AdvancedSettings,PLL2FRACN,PLL2_VCO_SEL-AdvancedSettings,PLL3FRACN,PLL3_VCO_SEL-AdvancedSettings,PLLFRACN,PLLSourceVirtual,QSPIFreq_Value,RNGFreq_Value,RTCFreq_Value,SAI1Freq_Value,SAI4AFreq_Value,SAI4BFreq_Value,SDMMCFreq_Value,SPDIFRXFreq_Value,SPI123Freq_Value,SPI45Freq_Value,SPI6CLockSelection,SPI6Freq_Value,SWPMI1Freq_Value,SYSCLKFreq_VALUE,SYSCLKSource,Spi45ClockSelection,Tim1OutputFreq_Value,Tim2OutputFreq_Value,TraceFreq_Value,USART16Freq_Value,USART234578Freq_Value,USBFreq_Value,VCO1OutputFreq_Value,VCO2OutputFreq_Value,VCO3OutputFreq_Value,VCOInput1Freq_Value,VCOInput2Freq_Value,VCOInput3Freq_Value
RCC.LPTIM1Freq_Value=120000000
RCC.LPTIM2Freq_Value=120000000
RCC.LPTIM345Freq_Value=120000000
RCC.LPUART1Freq_Value=120000000
RCC.LTDCFreq_Value=64000000
RCC.MCO1PinFreq_Value=64000000
RCC.MCO2PinFreq_Value=480000000
RCC.PLL1_VCO_SEL-AdvancedSettings=RCC_PLL1VCOWIDE
RCC.PLL2FRACN=0
RCC.PLL2_VCO_SEL-AdvancedSettings=RCC_PLL2VCOMEDIUM
RCC.PLL3FRACN=0
RCC.PLL3_VCO_SEL-AdvancedSettings=RCC_PLL3VCOWIDE
RCC.PLLFRACN=0
RCC.PLLSourceVirtual=RCC_PLLSOURCE_HSE
RCC.QSPIFreq_Value=240000000
RCC.RNGFreq_Value=48000000
RCC.RTCFreq_Value=32000
RCC.SAI1Freq_Value=160000000
RCC.SAI4AFreq_Value=160000000
RCC.SAI4BFreq_Value=160000000
RCC.SDMMCFreq_Value=160000000
RCC.SPDIFRXFreq_Value=160000000
RCC.SPI123Freq_Value=160000000
RCC.SPI45Freq_Value=160000000
RCC.SPI6CLockSelection=RCC_SPI6CLKSOURCE_PLL3
RCC.SPI6Freq_Value=128000000
RCC.SWPMI1Freq_Value=120000000
RCC.SYSCLKFreq_VALUE=480000000
RCC.SYSCLKSource=RCC_SYSCLKSOURCE_PLLCLK
RCC.Spi45ClockSelection=RCC_SPI45CLKSOURCE_PLL2
RCC.Tim1OutputFreq_Value=240000000
RCC.Tim2OutputFreq_Value=240000000
RCC.TraceFreq_Value=240000000
RCC.USART16Freq_Value=120000000
RCC.USART234578Freq_Value=120000000
RCC.USBFreq_Value=160000000
RCC.VCO1OutputFreq_Value=480000000
RCC.VCO2OutputFreq_Value=480000000
RCC.VCO3OutputFreq_Value=256000000
RCC.VCOInput1Freq_Value=8000000
RCC.VCOInput2Freq_Value=8000000
RCC.VCOInput3Freq_Value=8000000
SH.GPXTI0.0=GPIO_EXTI0
SH.GPXTI0.ConfNb=1
SH.GPXTI10.0=GPIO_EXTI10
SH.GPXTI10.ConfNb=1
SH.GPXTI15.0=GPIO_EXTI15
SH.GPXTI15.ConfNb=1
SH.GPXTI4.0=GPIO_EXTI4
SH.GPXTI4.ConfNb=1
SH.GPXTI8.0=GPIO_EXTI8
SH.GPXTI8.ConfNb=1
SPI2.BaudRatePrescaler=SPI_BAUDRATEPRESCALER_8
SPI2.CalculateBaudRate=20.0 MBits/s
SPI2.DataSize=SPI_DATASIZE_8BIT
SPI2.Direction=SPI_DIRECTION_2LINES
SPI2.IPParameters=VirtualType,Mode,Direction,CalculateBaudRate,DataSize,BaudRatePrescaler,NSSPMode,MasterSSIdleness,MasterInterDataIdleness,MasterReceiverAutoSusp
SPI2.MasterInterDataIdleness=SPI_MASTER_INTERDATA_IDLENESS_10CYCLE
SPI2.MasterReceiverAutoSusp=SPI_MASTER_RX_AUTOSUSP_ENABLE
SPI2.MasterSSIdleness=SPI_MASTER_SS_IDLENESS_06CYCLE
SPI2.Mode=SPI_MODE_MASTER
SPI2.NSSPMode=SPI_NSS_PULSE_DISABLE
SPI2.VirtualType=VM_MASTER
SPI3.BaudRatePrescaler=SPI_BAUDRATEPRESCALER_8
SPI3.CalculateBaudRate=20.0 MBits/s
SPI3.DataSize=SPI_DATASIZE_8BIT
SPI3.Direction=SPI_DIRECTION_2LINES
SPI3.IPParameters=VirtualType,Mode,Direction,CalculateBaudRate,DataSize,BaudRatePrescaler,NSSPMode,MasterSSIdleness,MasterInterDataIdleness,MasterReceiverAutoSusp
SPI3.MasterInterDataIdleness=SPI_MASTER_INTERDATA_IDLENESS_10CYCLE
SPI3.MasterReceiverAutoSusp=SPI_MASTER_RX_AUTOSUSP_ENABLE
SPI3.MasterSSIdleness=SPI_MASTER_SS_IDLENESS_06CYCLE
SPI3.Mode=SPI_MODE_MASTER
SPI3.NSSPMode=SPI_NSS_PULSE_DISABLE
SPI3.VirtualType=VM_MASTER
SPI4.BaudRatePrescaler=SPI_BAUDRATEPRESCALER_8
SPI4.CalculateBaudRate=20.0 MBits/s
SPI4.DataSize=SPI_DATASIZE_8BIT
SPI4.Direction=SPI_DIRECTION_2LINES
SPI4.IPParameters=VirtualType,Mode,Direction,CalculateBaudRate,DataSize,BaudRatePrescaler,MasterSSIdleness,MasterInterDataIdleness,NSSPMode
SPI4.MasterInterDataIdleness=SPI_MASTER_INTERDATA_IDLENESS_10CYCLE
SPI4.MasterSSIdleness=SPI_MASTER_SS_IDLENESS_06CYCLE
SPI4.Mode=SPI_MODE_MASTER
SPI4.NSSPMode=SPI_NSS_PULSE_DISABLE
SPI4.VirtualType=VM_MASTER
SPI5.BaudRatePrescaler=SPI_BAUDRATEPRESCALER_8
SPI5.CalculateBaudRate=20.0 MBits/s
SPI5.DataSize=SPI_DATASIZE_8BIT
SPI5.Direction=SPI_DIRECTION_2LINES
SPI5.IPParameters=VirtualType,Mode,Direction,CalculateBaudRate,DataSize,BaudRatePrescaler,NSSPMode,MasterSSIdleness,MasterInterDataIdleness
SPI5.MasterInterDataIdleness=SPI_MASTER_INTERDATA_IDLENESS_10CYCLE
SPI5.MasterSSIdleness=SPI_MASTER_SS_IDLENESS_06CYCLE
SPI5.Mode=SPI_MODE_MASTER
SPI5.NSSPMode=SPI_NSS_PULSE_DISABLE
SPI5.VirtualType=VM_MASTER
SPI6.CalculateBaudRate=64.0 MBits/s
SPI6.DataSize=SPI_DATASIZE_8BIT
SPI6.Direction=SPI_DIRECTION_2LINES
SPI6.IPParameters=VirtualType,Mode,Direction,CalculateBaudRate,DataSize,NSSPMode,MasterSSIdleness,MasterInterDataIdleness,MasterReceiverAutoSusp
SPI6.MasterInterDataIdleness=SPI_MASTER_INTERDATA_IDLENESS_10CYCLE
SPI6.MasterReceiverAutoSusp=SPI_MASTER_RX_AUTOSUSP_ENABLE
SPI6.MasterSSIdleness=SPI_MASTER_SS_IDLENESS_01CYCLE
SPI6.Mode=SPI_MODE_MASTER
SPI6.NSSPMode=SPI_NSS_PULSE_DISABLE
SPI6.VirtualType=VM_MASTER
USART1.BaudRate=100000
USART1.IPParameters=VirtualMode-Asynchronous,BaudRate,WordLength,Parity,StopBits,Mode
USART1.Mode=MODE_RX
USART1.Parity=PARITY_EVEN
USART1.StopBits=STOPBITS_2
USART1.VirtualMode-Asynchronous=VM_ASYNC
USART1.WordLength=WORDLENGTH_9B
USART10.BaudRate=921600
USART10.IPParameters=VirtualMode-Asynchronous,BaudRate
USART10.VirtualMode-Asynchronous=VM_ASYNC
USART2.BaudRate=2000000
USART2.IPParameters=VirtualMode-Asynchronous,BaudRate
USART2.VirtualMode-Asynchronous=VM_ASYNC
VP_ADC3_TempSens_Input.Mode=IN-TempSens
VP_ADC3_TempSens_Input.Signal=ADC3_TempSens_Input
VP_FREERTOS_VS_CMSIS_V2.Mode=CMSIS_V2
VP_FREERTOS_VS_CMSIS_V2.Signal=FREERTOS_VS_CMSIS_V2
VP_MEMORYMAP_VS_MEMORYMAP.Mode=CurAppReg
VP_MEMORYMAP_VS_MEMORYMAP.Signal=MEMORYMAP_VS_MEMORYMAP
VP_SYS_VS_tim23.Mode=TIM23
VP_SYS_VS_tim23.Signal=SYS_VS_tim23
VP_TIM1_VS_ClockSourceINT.Mode=Internal
VP_TIM1_VS_ClockSourceINT.Signal=TIM1_VS_ClockSourceINT
board=custom
rtos.0.ip=FREERTOS
